
Microsoft Visual Studio Solution File, Format Version 12.00
# Visual Studio Version 16
VisualStudioVersion = 16.0.30011.22
MinimumVisualStudioVersion = 10.0.40219.1
Project("{FAE04EC0-301F-11D3-BF4B-00C04F79EFBC}") = "PROYECTO FINAL", "PROYECTO FINAL\PROYECTO FINAL.csproj", "{43CA985B-A7E9-4C97-8B81-754095D53B24}"
EndProject
Global
	GlobalSection(SolutionConfigurationPlatforms) = preSolution
		Debug|Any CPU = Debug|Any CPU
		Release|Any CPU = Release|Any CPU
	EndGlobalSection
	GlobalSection(ProjectConfigurationPlatforms) = postSolution
		{43CA985B-A7E9-4C97-8B81-754095D53B24}.Debug|Any CPU.ActiveCfg = Debug|Any CPU
		{43CA985B-A7E9-4C97-8B81-754095D53B24}.Debug|Any CPU.Build.0 = Debug|Any CPU
		{43CA985B-A7E9-4C97-8B81-754095D53B24}.Release|Any CPU.ActiveCfg = Release|Any CPU
		{43CA985B-A7E9-4C97-8B81-754095D53B24}.Release|Any CPU.Build.0 = Release|Any CPU
	EndGlobalSection
	GlobalSection(SolutionProperties) = preSolution
		HideSolutionNode = FALSE
	EndGlobalSection
	GlobalSection(ExtensibilityGlobals) = postSolution
		SolutionGuid = {240264E8-F97B-4975-9236-B5A015C83435}
	EndGlobalSection
EndGlobal
